
Microsoft Visual Studio Solution File, Format Version 12.00
# Visual Studio 15
VisualStudioVersion = 15.0.27004.2008
MinimumVisualStudioVersion = 10.0.40219.1
Project("{FAE04EC0-301F-11D3-BF4B-00C04F79EFBC}") = "MyApp", "MyApp\MyApp.csproj", "{B720359E-696B-48E8-B662-6BB98C50E295}"
EndProject
Global
	GlobalSection(SolutionConfigurationPlatforms) = preSolution
		Debug|Any CPU = Debug|Any CPU
		Release|Any CPU = Release|Any CPU
	EndGlobalSection
	GlobalSection(ProjectConfigurationPlatforms) = postSolution
		{B720359E-696B-48E8-B662-6BB98C50E295}.Debug|Any CPU.ActiveCfg = Debug|Any CPU
		{B720359E-696B-48E8-B662-6BB98C50E295}.Debug|Any CPU.Build.0 = Debug|Any CPU
		{B720359E-696B-48E8-B662-6BB98C50E295}.Release|Any CPU.ActiveCfg = Release|Any CPU
		{B720359E-696B-48E8-B662-6BB98C50E295}.Release|Any CPU.Build.0 = Release|Any CPU
	EndGlobalSection
	GlobalSection(SolutionProperties) = preSolution
		HideSolutionNode = FALSE
	EndGlobalSection
	GlobalSection(ExtensibilityGlobals) = postSolution
		SolutionGuid = {8FE2F6B1-A314-4547-B907-9A593F1C6CFC}
	EndGlobalSection
EndGlobal
